// !$*UTF8*$!
{
	archiveVersion = 1;
	classes = {
	};
	objectVersion = 56;
	objects = {

/* Begin PBXBuildFile section */
		FF7F1AFE2C7C87A300E1DC25 /* AppDelegate.swift in Sources */ = {isa = PBXBuildFile; fileRef = FF7F1AFD2C7C87A300E1DC25 /* AppDelegate.swift */; };
		FF7F1B002C7C87A300E1DC25 /* SceneDelegate.swift in Sources */ = {isa = PBXBuildFile; fileRef = FF7F1AFF2C7C87A300E1DC25 /* SceneDelegate.swift */; };
		FF7F1B022C7C87A300E1DC25 /* ViewController.swift in Sources */ = {isa = PBXBuildFile; fileRef = FF7F1B012C7C87A300E1DC25 /* ViewController.swift */; };
		FF7F1B052C7C87A400E1DC25 /* Base in Resources */ = {isa = PBXBuildFile; fileRef = FF7F1B042C7C87A400E1DC25 /* Base */; };
		FF7F1B072C7C87A700E1DC25 /* Assets.xcassets in Resources */ = {isa = PBXBuildFile; fileRef = FF7F1B062C7C87A700E1DC25 /* Assets.xcassets */; };
		FF7F1B0A2C7C87A700E1DC25 /* Base in Resources */ = {isa = PBXBuildFile; fileRef = FF7F1B092C7C87A700E1DC25 /* Base */; };
		FF7F1B152C7C87A800E1DC25 /* lab_1Tests.swift in Sources */ = {isa = PBXBuildFile; fileRef = FF7F1B142C7C87A800E1DC25 /* lab_1Tests.swift */; };
		FF7F1B1F2C7C87A800E1DC25 /* lab_1UITests.swift in Sources */ = {isa = PBXBuildFile; fileRef = FF7F1B1E2C7C87A800E1DC25 /* lab_1UITests.swift */; };
		FF7F1B212C7C87A800E1DC25 /* lab_1UITestsLaunchTests.swift in Sources */ = {isa = PBXBuildFile; fileRef = FF7F1B202C7C87A800E1DC25 /* lab_1UITestsLaunchTests.swift */; };
/* End PBXBuildFile section */

/* Begin PBXContainerItemProxy section */
		FF7F1B112C7C87A800E1DC25 /* PBXContainerItemProxy */ = {
			isa = PBXContainerItemProxy;
			containerPortal = FF7F1AF22C7C87A300E1DC25 /* Project object */;
			proxyType = 1;
			remoteGlobalIDString = FF7F1AF92C7C87A300E1DC25;
			remoteInfo = "lab 1";
		};
		FF7F1B1B2C7C87A800E1DC25 /* PBXContainerItemProxy */ = {
			isa = PBXContainerItemProxy;
			containerPortal = FF7F1AF22C7C87A300E1DC25 /* Project object */;
			proxyType = 1;
			remoteGlobalIDString = FF7F1AF92C7C87A300E1DC25;
			remoteInfo = "lab 1";
		};
/* End PBXContainerItemProxy section */

/* Begin PBXFileReference section */
		FF7F1AFA2C7C87A300E1DC25 /* lab 1.app */ = {isa = PBXFileReference; explicitFileType = wrapper.application; includeInIndex = 0; path = "lab 1.app"; sourceTree = BUILT_PRODUCTS_DIR; };
		FF7F1AFD2C7C87A300E1DC25 /* AppDelegate.swift */ = {isa = PBXFileReference; lastKnownFileType = sourcecode.swift; path = AppDelegate.swift; sourceTree = "<group>"; };
		FF7F1AFF2C7C87A300E1DC25 /* SceneDelegate.swift */ = {isa = PBXFileReference; lastKnownFileType = sourcecode.swift; path = SceneDelegate.swift; sourceTree = "<group>"; };
		FF7F1B012C7C87A300E1DC25 /* ViewController.swift */ = {isa = PBXFileReference; lastKnownFileType = sourcecode.swift; path = ViewController.swift; sourceTree = "<group>"; };
		FF7F1B042C7C87A400E1DC25 /* Base */ = {isa = PBXFileReference; lastKnownFileType = file.storyboard; name = Base; path = Base.lproj/Main.storyboard; sourceTree = "<group>"; };
		FF7F1B062C7C87A700E1DC25 /* Assets.xcassets */ = {isa = PBXFileReference; lastKnownFileType = folder.assetcatalog; path = Assets.xcassets; sourceTree = "<group>"; };
		FF7F1B092C7C87A700E1DC25 /* Base */ = {isa = PBXFileReference; lastKnownFileType = file.storyboard; name = Base; path = Base.lproj/LaunchScreen.storyboard; sourceTree = "<group>"; };
		FF7F1B0B2C7C87A700E1DC25 /* Info.plist */ = {isa = PBXFileReference; lastKnownFileType = text.plist.xml; path = Info.plist; sourceTree = "<group>"; };
		FF7F1B102C7C87A800E1DC25 /* lab 1Tests.xctest */ = {isa = PBXFileReference; explicitFileType = wrapper.cfbundle; includeInIndex = 0; path = "lab 1Tests.xctest"; sourceTree = BUILT_PRODUCTS_DIR; };
		FF7F1B142C7C87A800E1DC25 /* lab_1Tests.swift */ = {isa = PBXFileReference; lastKnownFileType = sourcecode.swift; path = lab_1Tests.swift; sourceTree = "<group>"; };
		FF7F1B1A2C7C87A800E1DC25 /* lab 1UITests.xctest */ = {isa = PBXFileReference; explicitFileType = wrapper.cfbundle; includeInIndex = 0; path = "lab 1UITests.xctest"; sourceTree = BUILT_PRODUCTS_DIR; };
		FF7F1B1E2C7C87A800E1DC25 /* lab_1UITests.swift */ = {isa = PBXFileReference; lastKnownFileType = sourcecode.swift; path = lab_1UITests.swift; sourceTree = "<group>"; };
		FF7F1B202C7C87A800E1DC25 /* lab_1UITestsLaunchTests.swift */ = {isa = PBXFileReference; lastKnownFileType = sourcecode.swift; path = lab_1UITestsLaunchTests.swift; sourceTree = "<group>"; };
/* End PBXFileReference section */

/* Begin PBXFrameworksBuildPhase section */
		FF7F1AF72C7C87A300E1DC25 /* Frameworks */ = {
			isa = PBXFrameworksBuildPhase;
			buildActionMask = 2147483647;
			files = (
			);
			runOnlyForDeploymentPostprocessing = 0;
		};
		FF7F1B0D2C7C87A800E1DC25 /* Frameworks */ = {
			isa = PBXFrameworksBuildPhase;
			buildActionMask = 2147483647;
			files = (
			);
			runOnlyForDeploymentPostprocessing = 0;
		};
		FF7F1B172C7C87A800E1DC25 /* Frameworks */ = {
			isa = PBXFrameworksBuildPhase;
			buildActionMask = 2147483647;
			files = (
			);
			runOnlyForDeploymentPostprocessing = 0;
		};
/* End PBXFrameworksBuildPhase section */

/* Begin PBXGroup section */
		FF7F1AF12C7C87A300E1DC25 = {
			isa = PBXGroup;
			children = (
				FF7F1AFC2C7C87A300E1DC25 /* lab 1 */,
				FF7F1B132C7C87A800E1DC25 /* lab 1Tests */,
				FF7F1B1D2C7C87A800E1DC25 /* lab 1UITests */,
				FF7F1AFB2C7C87A300E1DC25 /* Products */,
			);
			sourceTree = "<group>";
		};
		FF7F1AFB2C7C87A300E1DC25 /* Products */ = {
			isa = PBXGroup;
			children = (
				FF7F1AFA2C7C87A300E1DC25 /* lab 1.app */,
				FF7F1B102C7C87A800E1DC25 /* lab 1Tests.xctest */,
				FF7F1B1A2C7C87A800E1DC25 /* lab 1UITests.xctest */,
			);
			name = Products;
			sourceTree = "<group>";
		};
		FF7F1AFC2C7C87A300E1DC25 /* lab 1 */ = {
			isa = PBXGroup;
			children = (
				FF7F1AFD2C7C87A300E1DC25 /* AppDelegate.swift */,
				FF7F1AFF2C7C87A300E1DC25 /* SceneDelegate.swift */,
				FF7F1B012C7C87A300E1DC25 /* ViewController.swift */,
				FF7F1B032C7C87A400E1DC25 /* Main.storyboard */,
				FF7F1B062C7C87A700E1DC25 /* Assets.xcassets */,
				FF7F1B082C7C87A700E1DC25 /* LaunchScreen.storyboard */,
				FF7F1B0B2C7C87A700E1DC25 /* Info.plist */,
			);
			path = "lab 1";
			sourceTree = "<group>";
		};
		FF7F1B132C7C87A800E1DC25 /* lab 1Tests */ = {
			isa = PBXGroup;
			children = (
				FF7F1B142C7C87A800E1DC25 /* lab_1Tests.swift */,
			);
			path = "lab 1Tests";
			sourceTree = "<group>";
		};
		FF7F1B1D2C7C87A800E1DC25 /* lab 1UITests */ = {
			isa = PBXGroup;
			children = (
				FF7F1B1E2C7C87A800E1DC25 /* lab_1UITests.swift */,
				FF7F1B202C7C87A800E1DC25 /* lab_1UITestsLaunchTests.swift */,
			);
			path = "lab 1UITests";
			sourceTree = "<group>";
		};
/* End PBXGroup section */

/* Begin PBXNativeTarget section */
		FF7F1AF92C7C87A300E1DC25 /* lab 1 */ = {
			isa = PBXNativeTarget;
			buildConfigurationList = FF7F1B242C7C87A800E1DC25 /* Build configuration list for PBXNativeTarget "lab 1" */;
			buildPhases = (
				FF7F1AF62C7C87A300E1DC25 /* Sources */,
				FF7F1AF72C7C87A300E1DC25 /* Frameworks */,
				FF7F1AF82C7C87A300E1DC25 /* Resources */,
			);
			buildRules = (
			);
			dependencies = (
			);
			name = "lab 1";
			productName = "lab 1";
			productReference = FF7F1AFA2C7C87A300E1DC25 /* lab 1.app */;
			productType = "com.apple.product-type.application";
		};
		FF7F1B0F2C7C87A800E1DC25 /* lab 1Tests */ = {
			isa = PBXNativeTarget;
			buildConfigurationList = FF7F1B272C7C87A800E1DC25 /* Build configuration list for PBXNativeTarget "lab 1Tests" */;
			buildPhases = (
				FF7F1B0C2C7C87A800E1DC25 /* Sources */,
				FF7F1B0D2C7C87A800E1DC25 /* Frameworks */,
				FF7F1B0E2C7C87A800E1DC25 /* Resources */,
			);
			buildRules = (
			);
			dependencies = (
				FF7F1B122C7C87A800E1DC25 /* PBXTargetDependency */,
			);
			name = "lab 1Tests";
			productName = "lab 1Tests";
			productReference = FF7F1B102C7C87A800E1DC25 /* lab 1Tests.xctest */;
			productType = "com.apple.product-type.bundle.unit-test";
		};
		FF7F1B192C7C87A800E1DC25 /* lab 1UITests */ = {
			isa = PBXNativeTarget;
			buildConfigurationList = FF7F1B2A2C7C87A800E1DC25 /* Build configuration list for PBXNativeTarget "lab 1UITests" */;
			buildPhases = (
				FF7F1B162C7C87A800E1DC25 /* Sources */,
				FF7F1B172C7C87A800E1DC25 /* Frameworks */,
				FF7F1B182C7C87A800E1DC25 /* Resources */,
			);
			buildRules = (
			);
			dependencies = (
				FF7F1B1C2C7C87A800E1DC25 /* PBXTargetDependency */,
			);
			name = "lab 1UITests";
			productName = "lab 1UITests";
			productReference = FF7F1B1A2C7C87A800E1DC25 /* lab 1UITests.xctest */;
			productType = "com.apple.product-type.bundle.ui-testing";
		};
/* End PBXNativeTarget section */

/* Begin PBXProject section */
		FF7F1AF22C7C87A300E1DC25 /* Project object */ = {
			isa = PBXProject;
			attributes = {
				BuildIndependentTargetsInParallel = 1;
				LastSwiftUpdateCheck = 1540;
				LastUpgradeCheck = 1540;
				TargetAttributes = {
					FF7F1AF92C7C87A300E1DC25 = {
						CreatedOnToolsVersion = 15.4;
					};
					FF7F1B0F2C7C87A800E1DC25 = {
						CreatedOnToolsVersion = 15.4;
						TestTargetID = FF7F1AF92C7C87A300E1DC25;
					};
					FF7F1B192C7C87A800E1DC25 = {
						CreatedOnToolsVersion = 15.4;
						TestTargetID = FF7F1AF92C7C87A300E1DC25;
					};
				};
			};
			buildConfigurationList = FF7F1AF52C7C87A300E1DC25 /* Build configuration list for PBXProject "lab 1" */;
			compatibilityVersion = "Xcode 14.0";
			developmentRegion = en;
			hasScannedForEncodings = 0;
			knownRegions = (
				en,
				Base,
			);
			mainGroup = FF7F1AF12C7C87A300E1DC25;
			productRefGroup = FF7F1AFB2C7C87A300E1DC25 /* Products */;
			projectDirPath = "";
			projectRoot = "";
			targets = (
				FF7F1AF92C7C87A300E1DC25 /* lab 1 */,
				FF7F1B0F2C7C87A800E1DC25 /* lab 1Tests */,
				FF7F1B192C7C87A800E1DC25 /* lab 1UITests */,
			);
		};
/* End PBXProject section */

/* Begin PBXResourcesBuildPhase section */
		FF7F1AF82C7C87A300E1DC25 /* Resources */ = {
			isa = PBXResourcesBuildPhase;
			buildActionMask = 2147483647;
			files = (
				FF7F1B072C7C87A700E1DC25 /* Assets.xcassets in Resources */,
				FF7F1B0A2C7C87A700E1DC25 /* Base in Resources */,
				FF7F1B052C7C87A400E1DC25 /* Base in Resources */,
			);
			runOnlyForDeploymentPostprocessing = 0;
		};
		FF7F1B0E2C7C87A800E1DC25 /* Resources */ = {
			isa = PBXResourcesBuildPhase;
			buildActionMask = 2147483647;
			files = (
			);
			runOnlyForDeploymentPostprocessing = 0;
		};
		FF7F1B182C7C87A800E1DC25 /* Resources */ = {
			isa = PBXResourcesBuildPhase;
			buildActionMask = 2147483647;
			files = (
			);
			runOnlyForDeploymentPostprocessing = 0;
		};
/* End PBXResourcesBuildPhase section */

/* Begin PBXSourcesBuildPhase section */
		FF7F1AF62C7C87A300E1DC25 /* Sources */ = {
			isa = PBXSourcesBuildPhase;
			buildActionMask = 2147483647;
			files = (
				FF7F1B022C7C87A300E1DC25 /* ViewController.swift in Sources */,
				FF7F1AFE2C7C87A300E1DC25 /* AppDelegate.swift in Sources */,
				FF7F1B002C7C87A300E1DC25 /* SceneDelegate.swift in Sources */,
			);
			runOnlyForDeploymentPostprocessing = 0;
		};
		FF7F1B0C2C7C87A800E1DC25 /* Sources */ = {
			isa = PBXSourcesBuildPhase;
			buildActionMask = 2147483647;
			files = (
				FF7F1B152C7C87A800E1DC25 /* lab_1Tests.swift in Sources */,
			);
			runOnlyForDeploymentPostprocessing = 0;
		};
		FF7F1B162C7C87A800E1DC25 /* Sources */ = {
			isa = PBXSourcesBuildPhase;
			buildActionMask = 2147483647;
			files = (
				FF7F1B212C7C87A800E1DC25 /* lab_1UITestsLaunchTests.swift in Sources */,
				FF7F1B1F2C7C87A800E1DC25 /* lab_1UITests.swift in Sources */,
			);
			runOnlyForDeploymentPostprocessing = 0;
		};
/* End PBXSourcesBuildPhase section */

/* Begin PBXTargetDependency section */
		FF7F1B122C7C87A800E1DC25 /* PBXTargetDependency */ = {
			isa = PBXTargetDependency;
			target = FF7F1AF92C7C87A300E1DC25 /* lab 1 */;
			targetProxy = FF7F1B112C7C87A800E1DC25 /* PBXContainerItemProxy */;
		};
		FF7F1B1C2C7C87A800E1DC25 /* PBXTargetDependency */ = {
			isa = PBXTargetDependency;
			target = FF7F1AF92C7C87A300E1DC25 /* lab 1 */;
			targetProxy = FF7F1B1B2C7C87A800E1DC25 /* PBXContainerItemProxy */;
		};
/* End PBXTargetDependency section */

/* Begin PBXVariantGroup section */
		FF7F1B032C7C87A400E1DC25 /* Main.storyboard */ = {
			isa = PBXVariantGroup;
			children = (
				FF7F1B042C7C87A400E1DC25 /* Base */,
			);
			name = Main.storyboard;
			sourceTree = "<group>";
		};
		FF7F1B082C7C87A700E1DC25 /* LaunchScreen.storyboard */ = {
			isa = PBXVariantGroup;
			children = (
				FF7F1B092C7C87A700E1DC25 /* Base */,
			);
			name = LaunchScreen.storyboard;
			sourceTree = "<group>";
		};
/* End PBXVariantGroup section */

/* Begin XCBuildConfiguration section */
		FF7F1B222C7C87A800E1DC25 /* Debug */ = {
			isa = XCBuildConfiguration;
			buildSettings = {
				ALWAYS_SEARCH_USER_PATHS = NO;
				ASSETCATALOG_COMPILER_GENERATE_SWIFT_ASSET_SYMBOL_EXTENSIONS = YES;
				CLANG_ANALYZER_NONNULL = YES;
				CLANG_ANALYZER_NUMBER_OBJECT_CONVERSION = YES_AGGRESSIVE;
				CLANG_CXX_LANGUAGE_STANDARD = "gnu++20";
				CLANG_ENABLE_MODULES = YES;
				CLANG_ENABLE_OBJC_ARC = YES;
				CLANG_ENABLE_OBJC_WEAK = YES;
				CLANG_WARN_BLOCK_CAPTURE_AUTORELEASING = YES;
				CLANG_WARN_BOOL_CONVERSION = YES;
				CLANG_WARN_COMMA = YES;
				CLANG_WARN_CONSTANT_CONVERSION = YES;
				CLANG_WARN_DEPRECATED_OBJC_IMPLEMENTATIONS = YES;
				CLANG_WARN_DIRECT_OBJC_ISA_USAGE = YES_ERROR;
				CLANG_WARN_DOCUMENTATION_COMMENTS = YES;
				CLANG_WARN_EMPTY_BODY = YES;
				CLANG_WARN_ENUM_CONVERSION = YES;
				CLANG_WARN_INFINITE_RECURSION = YES;
				CLANG_WARN_INT_CONVERSION = YES;
				CLANG_WARN_NON_LITERAL_NULL_CONVERSION = YES;
				CLANG_WARN_OBJC_IMPLICIT_RETAIN_SELF = YES;
				CLANG_WARN_OBJC_LITERAL_CONVERSION = YES;
				CLANG_WARN_OBJC_ROOT_CLASS = YES_ERROR;
				CLANG_WARN_QUOTED_INCLUDE_IN_FRAMEWORK_HEADER = YES;
				CLANG_WARN_RANGE_LOOP_ANALYSIS = YES;
				CLANG_WARN_STRICT_PROTOTYPES = YES;
				CLANG_WARN_SUSPICIOUS_MOVE = YES;
				CLANG_WARN_UNGUARDED_AVAILABILITY = YES_AGGRESSIVE;
				CLANG_WARN_UNREACHABLE_CODE = YES;
				CLANG_WARN__DUPLICATE_METHOD_MATCH = YES;
				COPY_PHASE_STRIP = NO;
				DEBUG_INFORMATION_FORMAT = dwarf;
				ENABLE_STRICT_OBJC_MSGSEND = YES;
				ENABLE_TESTABILITY = YES;
				ENABLE_USER_SCRIPT_SANDBOXING = YES;
				GCC_C_LANGUAGE_STANDARD = gnu17;
				GCC_DYNAMIC_NO_PIC = NO;
				GCC_NO_COMMON_BLOCKS = YES;
				GCC_OPTIMIZATION_LEVEL = 0;
				GCC_PREPROCESSOR_DEFINITIONS = (
					"DEBUG=1",
					"$(inherited)",
				);
				GCC_WARN_64_TO_32_BIT_CONVERSION = YES;
				GCC_WARN_ABOUT_RETURN_TYPE = YES_ERROR;
				GCC_WARN_UNDECLARED_SELECTOR = YES;
				GCC_WARN_UNINITIALIZED_AUTOS = YES_AGGRESSIVE;
				GCC_WARN_UNUSED_FUNCTION = YES;
				GCC_WARN_UNUSED_VARIABLE = YES;
				IPHONEOS_DEPLOYMENT_TARGET = 17.5;
				LOCALIZATION_PREFERS_STRING_CATALOGS = YES;
				MTL_ENABLE_DEBUG_INFO = INCLUDE_SOURCE;
				MTL_FAST_MATH = YES;
				ONLY_ACTIVE_ARCH = YES;
				SDKROOT = iphoneos;
				SWIFT_ACTIVE_COMPILATION_CONDITIONS = "DEBUG $(inherited)";
				SWIFT_OPTIMIZATION_LEVEL = "-Onone";
			};
			name = Debug;
		};
		FF7F1B232C7C87A800E1DC25 /* Release */ = {
			isa = XCBuildConfiguration;
			buildSettings = {
				ALWAYS_SEARCH_USER_PATHS = NO;
				ASSETCATALOG_COMPILER_GENERATE_SWIFT_ASSET_SYMBOL_EXTENSIONS = YES;
				CLANG_ANALYZER_NONNULL = YES;
				CLANG_ANALYZER_NUMBER_OBJECT_CONVERSION = YES_AGGRESSIVE;
				CLANG_CXX_LANGUAGE_STANDARD = "gnu++20";
				CLANG_ENABLE_MODULES = YES;
				CLANG_ENABLE_OBJC_ARC = YES;
				CLANG_ENABLE_OBJC_WEAK = YES;
				CLANG_WARN_BLOCK_CAPTURE_AUTORELEASING = YES;
				CLANG_WARN_BOOL_CONVERSION = YES;
				CLANG_WARN_COMMA = YES;
				CLANG_WARN_CONSTANT_CONVERSION = YES;
				CLANG_WARN_DEPRECATED_OBJC_IMPLEMENTATIONS = YES;
				CLANG_WARN_DIRECT_OBJC_ISA_USAGE = YES_ERROR;
				CLANG_WARN_DOCUMENTATION_COMMENTS = YES;
				CLANG_WARN_EMPTY_BODY = YES;
				CLANG_WARN_ENUM_CONVERSION = YES;
				CLANG_WARN_INFINITE_RECURSION = YES;
				CLANG_WARN_INT_CONVERSION = YES;
				CLANG_WARN_NON_LITERAL_NULL_CONVERSION = YES;
				CLANG_WARN_OBJC_IMPLICIT_RETAIN_SELF = YES;
				CLANG_WARN_OBJC_LITERAL_CONVERSION = YES;
				CLANG_WARN_OBJC_ROOT_CLASS = YES_ERROR;
				CLANG_WARN_QUOTED_INCLUDE_IN_FRAMEWORK_HEADER = YES;
				CLANG_WARN_RANGE_LOOP_ANALYSIS = YES;
				CLANG_WARN_STRICT_PROTOTYPES = YES;
				CLANG_WARN_SUSPICIOUS_MOVE = YES;
				CLANG_WARN_UNGUARDED_AVAILABILITY = YES_AGGRESSIVE;
				CLANG_WARN_UNREACHABLE_CODE = YES;
				CLANG_WARN__DUPLICATE_METHOD_MATCH = YES;
				COPY_PHASE_STRIP = NO;
				DEBUG_INFORMATION_FORMAT = "dwarf-with-dsym";
				ENABLE_NS_ASSERTIONS = NO;
				ENABLE_STRICT_OBJC_MSGSEND = YES;
				ENABLE_USER_SCRIPT_SANDBOXING = YES;
				GCC_C_LANGUAGE_STANDARD = gnu17;
				GCC_NO_COMMON_BLOCKS = YES;
				GCC_WARN_64_TO_32_BIT_CONVERSION = YES;
				GCC_WARN_ABOUT_RETURN_TYPE = YES_ERROR;
				GCC_WARN_UNDECLARED_SELECTOR = YES;
				GCC_WARN_UNINITIALIZED_AUTOS = YES_AGGRESSIVE;
				GCC_WARN_UNUSED_FUNCTION = YES;
				GCC_WARN_UNUSED_VARIABLE = YES;
				IPHONEOS_DEPLOYMENT_TARGET = 17.5;
				LOCALIZATION_PREFERS_STRING_CATALOGS = YES;
				MTL_ENABLE_DEBUG_INFO = NO;
				MTL_FAST_MATH = YES;
				SDKROOT = iphoneos;
				SWIFT_COMPILATION_MODE = wholemodule;
				VALIDATE_PRODUCT = YES;
			};
			name = Release;
		};
		FF7F1B252C7C87A800E1DC25 /* Debug */ = {
			isa = XCBuildConfiguration;
			buildSettings = {
				ASSETCATALOG_COMPILER_APPICON_NAME = AppIcon;
				ASSETCATALOG_COMPILER_GLOBAL_ACCENT_COLOR_NAME = AccentColor;
				CODE_SIGN_STYLE = Automatic;
				CURRENT_PROJECT_VERSION = 1;
				GENERATE_INFOPLIST_FILE = YES;
				INFOPLIST_FILE = "lab 1/Info.plist";
				INFOPLIST_KEY_UIApplicationSupportsIndirectInputEvents = YES;
				INFOPLIST_KEY_UILaunchStoryboardName = LaunchScreen;
				INFOPLIST_KEY_UIMainStoryboardFile = Main;
				IPHONEOS_DEPLOYMENT_TARGET = 17.0;
				LD_RUNPATH_SEARCH_PATHS = (
					"$(inherited)",
					"@executable_path/Frameworks",
				);
				MARKETING_VERSION = 1.0;
				PRODUCT_BUNDLE_IDENTIFIER = "aila.lab-1";
				PRODUCT_NAME = "$(TARGET_NAME)";
				SWIFT_EMIT_LOC_STRINGS = YES;
				SWIFT_VERSION = 5.0;
				TARGETED_DEVICE_FAMILY = "1,2";
			};
			name = Debug;
		};
		FF7F1B262C7C87A800E1DC25 /* Release */ = {
			isa = XCBuildConfiguration;
			buildSettings = {
				ASSETCATALOG_COMPILER_APPICON_NAME = AppIcon;
				ASSETCATALOG_COMPILER_GLOBAL_ACCENT_COLOR_NAME = AccentColor;
				CODE_SIGN_STYLE = Automatic;
				CURRENT_PROJECT_VERSION = 1;
				GENERATE_INFOPLIST_FILE = YES;
				INFOPLIST_FILE = "lab 1/Info.plist";
				INFOPLIST_KEY_UIApplicationSupportsIndirectInputEvents = YES;
				INFOPLIST_KEY_UILaunchStoryboardName = LaunchScreen;
				INFOPLIST_KEY_UIMainStoryboardFile = Main;
				IPHONEOS_DEPLOYMENT_TARGET = 17.0;
				LD_RUNPATH_SEARCH_PATHS = (
					"$(inherited)",
					"@executable_path/Frameworks",
				);
				MARKETING_VERSION = 1.0;
				PRODUCT_BUNDLE_IDENTIFIER = "aila.lab-1";
				PRODUCT_NAME = "$(TARGET_NAME)";
				SWIFT_EMIT_LOC_STRINGS = YES;
				SWIFT_VERSION = 5.0;
				TARGETED_DEVICE_FAMILY = "1,2";
			};
			name = Release;
		};
		FF7F1B282C7C87A800E1DC25 /* Debug */ = {
			isa = XCBuildConfiguration;
			buildSettings = {
				ALWAYS_EMBED_SWIFT_STANDARD_LIBRARIES = YES;
				BUNDLE_LOADER = "$(TEST_HOST)";
				CODE_SIGN_STYLE = Automatic;
				CURRENT_PROJECT_VERSION = 1;
				GENERATE_INFOPLIST_FILE = YES;
				IPHONEOS_DEPLOYMENT_TARGET = 17.5;
				MARKETING_VERSION = 1.0;
				PRODUCT_BUNDLE_IDENTIFIER = "aila.lab-1Tests";
				PRODUCT_NAME = "$(TARGET_NAME)";
				SWIFT_EMIT_LOC_STRINGS = NO;
				SWIFT_VERSION = 5.0;
				TARGETED_DEVICE_FAMILY = "1,2";
				TEST_HOST = "$(BUILT_PRODUCTS_DIR)/lab 1.app/$(BUNDLE_EXECUTABLE_FOLDER_PATH)/lab 1";
			};
			name = Debug;
		};
		FF7F1B292C7C87A800E1DC25 /* Release */ = {
			isa = XCBuildConfiguration;
			buildSettings = {
				ALWAYS_EMBED_SWIFT_STANDARD_LIBRARIES = YES;
				BUNDLE_LOADER = "$(TEST_HOST)";
				CODE_SIGN_STYLE = Automatic;
				CURRENT_PROJECT_VERSION = 1;
				GENERATE_INFOPLIST_FILE = YES;
				IPHONEOS_DEPLOYMENT_TARGET = 17.5;
				MARKETING_VERSION = 1.0;
				PRODUCT_BUNDLE_IDENTIFIER = "aila.lab-1Tests";
				PRODUCT_NAME = "$(TARGET_NAME)";
				SWIFT_EMIT_LOC_STRINGS = NO;
				SWIFT_VERSION = 5.0;
				TARGETED_DEVICE_FAMILY = "1,2";
				TEST_HOST = "$(BUILT_PRODUCTS_DIR)/lab 1.app/$(BUNDLE_EXECUTABLE_FOLDER_PATH)/lab 1";
			};
			name = Release;
		};
		FF7F1B2B2C7C87A800E1DC25 /* Debug */ = {
			isa = XCBuildConfiguration;
			buildSettings = {
				ALWAYS_EMBED_SWIFT_STANDARD_LIBRARIES = YES;
				CODE_SIGN_STYLE = Automatic;
				CURRENT_PROJECT_VERSION = 1;
				GENERATE_INFOPLIST_FILE = YES;
				MARKETING_VERSION = 1.0;
				PRODUCT_BUNDLE_IDENTIFIER = "aila.lab-1UITests";
				PRODUCT_NAME = "$(TARGET_NAME)";
				SWIFT_EMIT_LOC_STRINGS = NO;
				SWIFT_VERSION = 5.0;
				TARGETED_DEVICE_FAMILY = "1,2";
				TEST_TARGET_NAME = "lab 1";
			};
			name = Debug;
		};
		FF7F1B2C2C7C87A800E1DC25 /* Release */ = {
			isa = XCBuildConfiguration;
			buildSettings = {
				ALWAYS_EMBED_SWIFT_STANDARD_LIBRARIES = YES;
				CODE_SIGN_STYLE = Automatic;
				CURRENT_PROJECT_VERSION = 1;
				GENERATE_INFOPLIST_FILE = YES;
				MARKETING_VERSION = 1.0;
				PRODUCT_BUNDLE_IDENTIFIER = "aila.lab-1UITests";
				PRODUCT_NAME = "$(TARGET_NAME)";
				SWIFT_EMIT_LOC_STRINGS = NO;
				SWIFT_VERSION = 5.0;
				TARGETED_DEVICE_FAMILY = "1,2";
				TEST_TARGET_NAME = "lab 1";
			};
			name = Release;
		};
/* End XCBuildConfiguration section */

/* Begin XCConfigurationList section */
		FF7F1AF52C7C87A300E1DC25 /* Build configuration list for PBXProject "lab 1" */ = {
			isa = XCConfigurationList;
			buildConfigurations = (
				FF7F1B222C7C87A800E1DC25 /* Debug */,
				FF7F1B232C7C87A800E1DC25 /* Release */,
			);
			defaultConfigurationIsVisible = 0;
			defaultConfigurationName = Release;
		};
		FF7F1B242C7C87A800E1DC25 /* Build configuration list for PBXNativeTarget "lab 1" */ = {
			isa = XCConfigurationList;
			buildConfigurations = (
				FF7F1B252C7C87A800E1DC25 /* Debug */,
				FF7F1B262C7C87A800E1DC25 /* Release */,
			);
			defaultConfigurationIsVisible = 0;
			defaultConfigurationName = Release;
		};
		FF7F1B272C7C87A800E1DC25 /* Build configuration list for PBXNativeTarget "lab 1Tests" */ = {
			isa = XCConfigurationList;
			buildConfigurations = (
				FF7F1B282C7C87A800E1DC25 /* Debug */,
				FF7F1B292C7C87A800E1DC25 /* Release */,
			);
			defaultConfigurationIsVisible = 0;
			defaultConfigurationName = Release;
		};
		FF7F1B2A2C7C87A800E1DC25 /* Build configuration list for PBXNativeTarget "lab 1UITests" */ = {
			isa = XCConfigurationList;
			buildConfigurations = (
				FF7F1B2B2C7C87A800E1DC25 /* Debug */,
				FF7F1B2C2C7C87A800E1DC25 /* Release */,
			);
			defaultConfigurationIsVisible = 0;
			defaultConfigurationName = Release;
		};
/* End XCConfigurationList section */
	};
	rootObject = FF7F1AF22C7C87A300E1DC25 /* Project object */;
}
